Microsoft Visual Studio Solution File, Format Version 12.00
# Visual Studio Version 17
VisualStudioVersion = 17.5.2.0
MinimumVisualStudioVersion = 10.0.40219.1
Project("{FAE04EC0-301F-11D3-BF4B-00C04F79EFBC}") = "SimpleApiDemo", "SimpleApiDemo.csproj", "{FA3B12EB-4B7D-C03C-6476-A2CD71B5F637}"
EndProject
Global
	GlobalSection(SolutionConfigurationPlatforms) = preSolution
		Debug|Any CPU = Debug|Any CPU
		Release|Any CPU = Release|Any CPU
	EndGlobalSection
	GlobalSection(ProjectConfigurationPlatforms) = postSolution
		{FA3B12EB-4B7D-C03C-6476-A2CD71B5F637}.Debug|Any CPU.ActiveCfg = Debug|Any CPU
		{FA3B12EB-4B7D-C03C-6476-A2CD71B5F637}.Debug|Any CPU.Build.0 = Debug|Any CPU
		{FA3B12EB-4B7D-C03C-6476-A2CD71B5F637}.Release|Any CPU.ActiveCfg = Release|Any CPU
		{FA3B12EB-4B7D-C03C-6476-A2CD71B5F637}.Release|Any CPU.Build.0 = Release|Any CPU
	EndGlobalSection
	GlobalSection(SolutionProperties) = preSolution
		HideSolutionNode = FALSE
	EndGlobalSection
	GlobalSection(ExtensibilityGlobals) = postSolution
		SolutionGuid = {DC88BFA8-F7EC-44C8-BB60-029E6648E3CA}
	EndGlobalSection
EndGlobal
